
Microsoft Visual Studio Solution File, Format Version 12.00
# Visual Studio Version 17
VisualStudioVersion = 17.4.33213.308
MinimumVisualStudioVersion = 10.0.40219.1
Project("{FAE04EC0-301F-11D3-BF4B-00C04F79EFBC}") = "SistemaInventario2", "SistemaInventario2\SistemaInventario2.csproj", "{3FFB929E-05F0-4A35-B644-BBDE529CE614}"
EndProject
Global
	GlobalSection(SolutionConfigurationPlatforms) = preSolution
		Debug|Any CPU = Debug|Any CPU
		Release|Any CPU = Release|Any CPU
	EndGlobalSection
	GlobalSection(ProjectConfigurationPlatforms) = postSolution
		{3FFB929E-05F0-4A35-B644-BBDE529CE614}.Debug|Any CPU.ActiveCfg = Debug|Any CPU
		{3FFB929E-05F0-4A35-B644-BBDE529CE614}.Debug|Any CPU.Build.0 = Debug|Any CPU
		{3FFB929E-05F0-4A35-B644-BBDE529CE614}.Release|Any CPU.ActiveCfg = Release|Any CPU
		{3FFB929E-05F0-4A35-B644-BBDE529CE614}.Release|Any CPU.Build.0 = Release|Any CPU
	EndGlobalSection
	GlobalSection(SolutionProperties) = preSolution
		HideSolutionNode = FALSE
	EndGlobalSection
	GlobalSection(ExtensibilityGlobals) = postSolution
		SolutionGuid = {AB171FDF-0C93-4740-8A52-8774F39041A0}
	EndGlobalSection
EndGlobal
